
Microsoft Visual Studio Solution File, Format Version 12.00
# Visual Studio Version 17
VisualStudioVersion = 17.9.34607.119
MinimumVisualStudioVersion = 10.0.40219.1
Project("{9A19103F-16F7-4668-BE54-9A1E7A4F7556}") = "FGJsonCheckTool", "FGJsonCheckTool\FGJsonCheckTool.csproj", "{5584F733-CF90-4664-A5B3-5F1CC74400CB}"
EndProject
Project("{2150E333-8FDC-42A3-9474-1A3956D46DE8}") = "ソリューション項目", "ソリューション項目", "{5F6F9793-72D5-41B2-B7E7-889FE1E397C5}"
	ProjectSection(SolutionItems) = preProject
		App.config = App.config
		README.md = README.md
		readme.txt = readme.txt
	EndProjectSection
EndProject
Global
	GlobalSection(SolutionConfigurationPlatforms) = preSolution
		Debug|Any CPU = Debug|Any CPU
		Release|Any CPU = Release|Any CPU
	EndGlobalSection
	GlobalSection(ProjectConfigurationPlatforms) = postSolution
		{5584F733-CF90-4664-A5B3-5F1CC74400CB}.Debug|Any CPU.ActiveCfg = Debug|Any CPU
		{5584F733-CF90-4664-A5B3-5F1CC74400CB}.Debug|Any CPU.Build.0 = Debug|Any CPU
		{5584F733-CF90-4664-A5B3-5F1CC74400CB}.Release|Any CPU.ActiveCfg = Release|Any CPU
		{5584F733-CF90-4664-A5B3-5F1CC74400CB}.Release|Any CPU.Build.0 = Release|Any CPU
	EndGlobalSection
	GlobalSection(SolutionProperties) = preSolution
		HideSolutionNode = FALSE
	EndGlobalSection
	GlobalSection(ExtensibilityGlobals) = postSolution
		SolutionGuid = {3B361A53-F079-4AF1-8103-B67AADD63819}
	EndGlobalSection
EndGlobal
